{
    "_readme": [
        "This file locks the dependencies of your project to a known state",
        "Read more about it at https://getcomposer.org/doc/01-basic-usage.md#installing-dependencies",
        "This file is @generated automatically"
    ],
    "content-hash": "fefd8260fecd099822955341411b8dbb",
    "packages": [
        {
            "name": "dvdoug/boxpacker",
            "version": "2.7.2",
            "source": {
                "type": "git",
                "url": "https://github.com/dvdoug/BoxPacker.git",
                "reference": "412958a732c63ed9c32c1a323d5d5ceba852d15e"
            },
            "dist": {
                "type": "zip",
                "url": "https://api.github.com/repos/dvdoug/BoxPacker/zipball/412958a732c63ed9c32c1a323d5d5ceba852d15e",
                "reference": "412958a732c63ed9c32c1a323d5d5ceba852d15e",
                "shasum": ""
            },
            "require": {
                "ext-json": "*",
                "php": "^7.1||^8.0",
                "psr/log": "^1.0"
            },
            "require-dev": {
                "behat/behat": "^3.7",
                "dvdoug/behat-code-coverage": "^5.0",
                "monolog/monolog": "^1.25||^2.0",
                "phpunit/phpunit": "^7.5.20||^8.5.8||^9.3.11"
            },
            "type": "library",
            "autoload": {
                "psr-4": {
                    "DVDoug\\BoxPacker\\": "src/",
                    "DVDoug\\BoxPacker\\Test\\": "tests/Test"
                }
            },
            "notification-url": "https://packagist.org/downloads/",
            "license": [
                "MIT"
            ],
            "authors": [
                {
                    "name": "Doug Wright",
                    "role": "Developer"
                }
            ],
            "description": "An implementation of the 3D (actually 4D) bin packing/knapsack problem (aka creating parcels by putting items into boxes)",
            "homepage": "http://boxpacker.io/",
            "keywords": [
                "bin packing",
                "binpacking",
                "box",
                "boxes",
                "boxpacking",
                "container",
                "knapsack",
                "packaging",
                "packing",
                "parcel",
                "parcelpacking",
                "shipping"
            ],
            "support": {
                "issues": "https://github.com/dvdoug/BoxPacker/issues",
                "source": "https://github.com/dvdoug/BoxPacker/tree/2.7.2"
            },
            "funding": [
                {
                    "url": "https://github.com/dvdoug",
                    "type": "github"
                }
            ],
            "time": "2020-09-28T20:09:19+00:00"
        },
        {
            "name": "psr/log",
            "version": "1.1.4",
            "source": {
                "type": "git",
                "url": "https://github.com/php-fig/log.git",
                "reference": "d49695b909c3b7628b6289db5479a1c204601f11"
            },
            "dist": {
                "type": "zip",
                "url": "https://api.github.com/repos/php-fig/log/zipball/d49695b909c3b7628b6289db5479a1c204601f11",
                "reference": "d49695b909c3b7628b6289db5479a1c204601f11",
                "shasum": ""
            },
            "require": {
                "php": ">=5.3.0"
            },
            "type": "library",
            "extra": {
                "branch-alias": {
                    "dev-master": "1.1.x-dev"
                }
            },
            "autoload": {
                "psr-4": {
                    "Psr\\Log\\": "Psr/Log/"
                }
            },
            "notification-url": "https://packagist.org/downloads/",
            "license": [
                "MIT"
            ],
            "authors": [
                {
                    "name": "PHP-FIG",
                    "homepage": "https://www.php-fig.org/"
                }
            ],
            "description": "Common interface for logging libraries",
            "homepage": "https://github.com/php-fig/log",
            "keywords": [
                "log",
                "psr",
                "psr-3"
            ],
            "support": {
                "source": "https://github.com/php-fig/log/tree/1.1.4"
            },
            "time": "2021-05-03T11:20:27+00:00"
        }
    ],
    "packages-dev": [
        {
            "name": "bamarni/composer-bin-plugin",
            "version": "dev-master",
            "source": {
                "type": "git",
                "url": "https://github.com/bamarni/composer-bin-plugin.git",
                "reference": "e8faff2c9203b1f78359330a4c9d89954e0fc0b6"
            },
            "dist": {
                "type": "zip",
                "url": "https://api.github.com/repos/bamarni/composer-bin-plugin/zipball/e8faff2c9203b1f78359330a4c9d89954e0fc0b6",
                "reference": "e8faff2c9203b1f78359330a4c9d89954e0fc0b6",
                "shasum": ""
            },
            "require": {
                "composer-plugin-api": "^2.0",
                "php": "^7.2.5 || ^8.0"
            },
            "require-dev": {
                "composer/composer": "^2.0",
                "ext-json": "*",
                "phpstan/extension-installer": "^1.1",
                "phpstan/phpstan": "^1.8",
                "phpstan/phpstan-phpunit": "^1.1",
                "phpunit/phpunit": "^8.5 || ^9.6 || ^10.0",
                "symfony/console": "^2.8.52 || ^3.4.35 || ^4.4 || ^5.0 || ^6.0",
                "symfony/finder": "^2.8.52 || ^3.4.35 || ^4.4 || ^5.0 || ^6.0",
                "symfony/process": "^2.8.52 || ^3.4.35 || ^4.4 || ^5.0 || ^6.0"
            },
            "default-branch": true,
            "type": "composer-plugin",
            "extra": {
                "class": "Bamarni\\Composer\\Bin\\BamarniBinPlugin"
            },
            "autoload": {
                "psr-4": {
                    "Bamarni\\Composer\\Bin\\": "src"
                }
            },
            "notification-url": "https://packagist.org/downloads/",
            "license": [
                "MIT"
            ],
            "description": "No conflicts for your bin dependencies",
            "keywords": [
                "composer",
                "conflict",
                "dependency",
                "executable",
                "isolation",
                "tool"
            ],
            "support": {
                "issues": "https://github.com/bamarni/composer-bin-plugin/issues",
                "source": "https://github.com/bamarni/composer-bin-plugin/tree/master"
            },
            "time": "2023-09-17T20:07:45+00:00"
        }
    ],
    "aliases": [],
    "minimum-stability": "stable",
    "stability-flags": {
        "bamarni/composer-bin-plugin": 20
    },
    "prefer-stable": false,
    "prefer-lowest": false,
    "platform": {
        "php": "^7.0 || ^8.0",
        "ext-json": "*"
    },
    "platform-dev": [],
    "plugin-api-version": "2.3.0"
}
